{
  "name": "upng",
  "version": "2.2.0",
  "lockfileVersion": 2,
  "requires": true,
  "packages": {
    "": {
      "name": "upng",
      "version": "2.2.0",
      "license": "MIT",
      "dependencies": {
        "pako": "^1.0.5",
        "pngjs": "^7.0.0",
        "upng-js": "^2.1.0"
      },
      "devDependencies": {
        "@types/pako": "^2.0.0",
        "@types/pngjs": "^6.0.1"
      }
    },
    "node_modules/@types/node": {
      "version": "20.5.7",
      "resolved": "https://registry.npmjs.org/@types/node/-/node-20.5.7.tgz",
      "integrity": "sha512-dP7f3LdZIysZnmvP3ANJYTSwg+wLLl8p7RqniVlV7j+oXSXAbt9h0WIBFmJy5inWZoX9wZN6eXx+YXd9Rh3RBA==",
      "dev": true
    },
    "node_modules/@types/pako": {
      "version": "2.0.0",
      "resolved": "https://registry.npmjs.org/@types/pako/-/pako-2.0.0.tgz",
      "integrity": "sha512-10+iaz93qR5WYxTo+PMifD5TSxiOtdRaxBf7INGGXMQgTCu8Z/7GYWYFUOS3q/G0nE5boj1r4FEB+WSy7s5gbA==",
      "dev": true
    },
    "node_modules/@types/pngjs": {
      "version": "6.0.1",
      "resolved": "https://registry.npmjs.org/@types/pngjs/-/pngjs-6.0.1.tgz",
      "integrity": "sha512-J39njbdW1U/6YyVXvC9+1iflZghP8jgRf2ndYghdJb5xL49LYDB+1EuAxfbuJ2IBbWIL3AjHPQhgaTxT3YaYeg==",
      "dev": true,
      "dependencies": {
        "@types/node": "*"
      }
    },
    "node_modules/pako": {
      "version": "1.0.11",
      "resolved": "https://registry.npmjs.org/pako/-/pako-1.0.11.tgz",
      "integrity": "sha512-4hLB8Py4zZce5s4yd9XzopqwVv/yGNhV1Bl8NTmCq1763HeK2+EwVTv+leGeL13Dnh2wfbqowVPXCIO0z4taYw=="
    },
    "node_modules/pngjs": {
      "version": "7.0.0",
      "resolved": "https://registry.npmjs.org/pngjs/-/pngjs-7.0.0.tgz",
      "integrity": "sha512-LKWqWJRhstyYo9pGvgor/ivk2w94eSjE3RGVuzLGlr3NmD8bf7RcYGze1mNdEHRP6TRP6rMuDHk5t44hnTRyow==",
      "engines": {
        "node": ">=14.19.0"
      }
    },
    "node_modules/upng-js": {
      "version": "2.1.0",
      "resolved": "https://registry.npmjs.org/upng-js/-/upng-js-2.1.0.tgz",
      "integrity": "sha512-d3xzZzpMP64YkjP5pr8gNyvBt7dLk/uGI67EctzDuVp4lCZyVMo0aJO6l/VDlgbInJYDY6cnClLoBp29eKWI6g==",
      "dependencies": {
        "pako": "^1.0.5"
      }
    }
  },
  "dependencies": {
    "@types/node": {
      "version": "20.5.7",
      "resolved": "https://registry.npmjs.org/@types/node/-/node-20.5.7.tgz",
      "integrity": "sha512-dP7f3LdZIysZnmvP3ANJYTSwg+wLLl8p7RqniVlV7j+oXSXAbt9h0WIBFmJy5inWZoX9wZN6eXx+YXd9Rh3RBA==",
      "dev": true
    },
    "@types/pako": {
      "version": "2.0.0",
      "resolved": "https://registry.npmjs.org/@types/pako/-/pako-2.0.0.tgz",
      "integrity": "sha512-10+iaz93qR5WYxTo+PMifD5TSxiOtdRaxBf7INGGXMQgTCu8Z/7GYWYFUOS3q/G0nE5boj1r4FEB+WSy7s5gbA==",
      "dev": true
    },
    "@types/pngjs": {
      "version": "6.0.1",
      "resolved": "https://registry.npmjs.org/@types/pngjs/-/pngjs-6.0.1.tgz",
      "integrity": "sha512-J39njbdW1U/6YyVXvC9+1iflZghP8jgRf2ndYghdJb5xL49LYDB+1EuAxfbuJ2IBbWIL3AjHPQhgaTxT3YaYeg==",
      "dev": true,
      "requires": {
        "@types/node": "*"
      }
    },
    "pako": {
      "version": "1.0.11",
      "resolved": "https://registry.npmjs.org/pako/-/pako-1.0.11.tgz",
      "integrity": "sha512-4hLB8Py4zZce5s4yd9XzopqwVv/yGNhV1Bl8NTmCq1763HeK2+EwVTv+leGeL13Dnh2wfbqowVPXCIO0z4taYw=="
    },
    "pngjs": {
      "version": "7.0.0",
      "resolved": "https://registry.npmjs.org/pngjs/-/pngjs-7.0.0.tgz",
      "integrity": "sha512-LKWqWJRhstyYo9pGvgor/ivk2w94eSjE3RGVuzLGlr3NmD8bf7RcYGze1mNdEHRP6TRP6rMuDHk5t44hnTRyow=="
    },
    "upng-js": {
      "version": "2.1.0",
      "resolved": "https://registry.npmjs.org/upng-js/-/upng-js-2.1.0.tgz",
      "integrity": "sha512-d3xzZzpMP64YkjP5pr8gNyvBt7dLk/uGI67EctzDuVp4lCZyVMo0aJO6l/VDlgbInJYDY6cnClLoBp29eKWI6g==",
      "requires": {
        "pako": "^1.0.5"
      }
    }
  }
}
